
Microsoft Visual Studio Solution File, Format Version 12.00
# Visual Studio Version 17
VisualStudioVersion = 17.0.31903.59
MinimumVisualStudioVersion = 10.0.40219.1
Project("{2150E333-8FDC-42A3-9474-1A3956D46DE8}") = "src", "src", "{578EEDB3-AC59-4E1B-8CCB-A5168389FB97}"
EndProject
Project("{FAE04EC0-301F-11D3-BF4B-00C04F79EFBC}") = "SmartRestaurant.Domain", "src\SmartRestaurant.Domain\SmartRestaurant.Domain.csproj", "{1C424302-D14F-41C4-A613-86524915C67C}"
EndProject
Project("{FAE04EC0-301F-11D3-BF4B-00C04F79EFBC}") = "SmartRestaurant.Application", "src\SmartRestaurant.Application\SmartRestaurant.Application.csproj", "{D90452F8-3B60-42CE-A1C7-1FEE550BF4F8}"
EndProject
Project("{FAE04EC0-301F-11D3-BF4B-00C04F79EFBC}") = "SmartRestaurant.Infrastructure", "src\SmartRestaurant.Infrastructure\SmartRestaurant.Infrastructure.csproj", "{E0FAA64B-0EB3-4EBD-B1F1-43CE2F81EE76}"
EndProject
Project("{FAE04EC0-301F-11D3-BF4B-00C04F79EFBC}") = "SmartRestaurant.Api", "src\SmartRestaurant.Api\SmartRestaurant.Api.csproj", "{D87A5B3B-FFDD-474F-89D9-1D7F6B7480D1}"
EndProject
Global
	GlobalSection(SolutionConfigurationPlatforms) = preSolution
		Debug|Any CPU = Debug|Any CPU
		Release|Any CPU = Release|Any CPU
	EndGlobalSection
	GlobalSection(SolutionProperties) = preSolution
		HideSolutionNode = FALSE
	EndGlobalSection
	GlobalSection(ProjectConfigurationPlatforms) = postSolution
		{1C424302-D14F-41C4-A613-86524915C67C}.Debug|Any CPU.ActiveCfg = Debug|Any CPU
		{1C424302-D14F-41C4-A613-86524915C67C}.Debug|Any CPU.Build.0 = Debug|Any CPU
		{1C424302-D14F-41C4-A613-86524915C67C}.Release|Any CPU.ActiveCfg = Release|Any CPU
		{1C424302-D14F-41C4-A613-86524915C67C}.Release|Any CPU.Build.0 = Release|Any CPU
		{D90452F8-3B60-42CE-A1C7-1FEE550BF4F8}.Debug|Any CPU.ActiveCfg = Debug|Any CPU
		{D90452F8-3B60-42CE-A1C7-1FEE550BF4F8}.Debug|Any CPU.Build.0 = Debug|Any CPU
		{D90452F8-3B60-42CE-A1C7-1FEE550BF4F8}.Release|Any CPU.ActiveCfg = Release|Any CPU
		{D90452F8-3B60-42CE-A1C7-1FEE550BF4F8}.Release|Any CPU.Build.0 = Release|Any CPU
		{E0FAA64B-0EB3-4EBD-B1F1-43CE2F81EE76}.Debug|Any CPU.ActiveCfg = Debug|Any CPU
		{E0FAA64B-0EB3-4EBD-B1F1-43CE2F81EE76}.Debug|Any CPU.Build.0 = Debug|Any CPU
		{E0FAA64B-0EB3-4EBD-B1F1-43CE2F81EE76}.Release|Any CPU.ActiveCfg = Release|Any CPU
		{E0FAA64B-0EB3-4EBD-B1F1-43CE2F81EE76}.Release|Any CPU.Build.0 = Release|Any CPU
		{D87A5B3B-FFDD-474F-89D9-1D7F6B7480D1}.Debug|Any CPU.ActiveCfg = Debug|Any CPU
		{D87A5B3B-FFDD-474F-89D9-1D7F6B7480D1}.Debug|Any CPU.Build.0 = Debug|Any CPU
		{D87A5B3B-FFDD-474F-89D9-1D7F6B7480D1}.Release|Any CPU.ActiveCfg = Release|Any CPU
		{D87A5B3B-FFDD-474F-89D9-1D7F6B7480D1}.Release|Any CPU.Build.0 = Release|Any CPU
	EndGlobalSection
	GlobalSection(NestedProjects) = preSolution
		{1C424302-D14F-41C4-A613-86524915C67C} = {578EEDB3-AC59-4E1B-8CCB-A5168389FB97}
		{D90452F8-3B60-42CE-A1C7-1FEE550BF4F8} = {578EEDB3-AC59-4E1B-8CCB-A5168389FB97}
		{E0FAA64B-0EB3-4EBD-B1F1-43CE2F81EE76} = {578EEDB3-AC59-4E1B-8CCB-A5168389FB97}
		{D87A5B3B-FFDD-474F-89D9-1D7F6B7480D1} = {578EEDB3-AC59-4E1B-8CCB-A5168389FB97}
	EndGlobalSection
EndGlobal
